
Microsoft Visual Studio Solution File, Format Version 12.00
# Visual Studio Version 17
VisualStudioVersion = 17.4.33213.308
MinimumVisualStudioVersion = 10.0.40219.1
Project("{9A19103F-16F7-4668-BE54-9A1E7A4F7556}") = "DLL", "Rat\DLL.csproj", "{AF719EAF-1EF1-4F78-A2A7-A68B5EEA3151}"
EndProject
Project("{9A19103F-16F7-4668-BE54-9A1E7A4F7556}") = "Data Access Layer", "Data Access Layer\Data Access Layer.csproj", "{B199EC39-0602-44A2-97D5-A36F25445BC0}"
EndProject
Project("{9A19103F-16F7-4668-BE54-9A1E7A4F7556}") = "BLL", "BLL\BLL.csproj", "{29C4915D-7EBA-4B9E-B292-731A8A99765E}"
EndProject
Global
	GlobalSection(SolutionConfigurationPlatforms) = preSolution
		Debug|Any CPU = Debug|Any CPU
		Release|Any CPU = Release|Any CPU
	EndGlobalSection
	GlobalSection(ProjectConfigurationPlatforms) = postSolution
		{AF719EAF-1EF1-4F78-A2A7-A68B5EEA3151}.Debug|Any CPU.ActiveCfg = Debug|Any CPU
		{AF719EAF-1EF1-4F78-A2A7-A68B5EEA3151}.Debug|Any CPU.Build.0 = Debug|Any CPU
		{AF719EAF-1EF1-4F78-A2A7-A68B5EEA3151}.Release|Any CPU.ActiveCfg = Release|Any CPU
		{AF719EAF-1EF1-4F78-A2A7-A68B5EEA3151}.Release|Any CPU.Build.0 = Release|Any CPU
		{B199EC39-0602-44A2-97D5-A36F25445BC0}.Debug|Any CPU.ActiveCfg = Debug|Any CPU
		{B199EC39-0602-44A2-97D5-A36F25445BC0}.Debug|Any CPU.Build.0 = Debug|Any CPU
		{B199EC39-0602-44A2-97D5-A36F25445BC0}.Release|Any CPU.ActiveCfg = Release|Any CPU
		{B199EC39-0602-44A2-97D5-A36F25445BC0}.Release|Any CPU.Build.0 = Release|Any CPU
		{29C4915D-7EBA-4B9E-B292-731A8A99765E}.Debug|Any CPU.ActiveCfg = Debug|Any CPU
		{29C4915D-7EBA-4B9E-B292-731A8A99765E}.Debug|Any CPU.Build.0 = Debug|Any CPU
		{29C4915D-7EBA-4B9E-B292-731A8A99765E}.Release|Any CPU.ActiveCfg = Release|Any CPU
		{29C4915D-7EBA-4B9E-B292-731A8A99765E}.Release|Any CPU.Build.0 = Release|Any CPU
	EndGlobalSection
	GlobalSection(SolutionProperties) = preSolution
		HideSolutionNode = FALSE
	EndGlobalSection
	GlobalSection(ExtensibilityGlobals) = postSolution
		SolutionGuid = {0443852C-04EC-4A03-89F7-00E82B6E9420}
	EndGlobalSection
EndGlobal
